# THIS IS AN AUTOGENERATED FILE. DO NOT EDIT THIS FILE DIRECTLY.
# yarn lockfile v1


"@skeldjs/common@^2.0.5":
  version "2.0.5"
  resolved "https://registry.yarnpkg.com/@skeldjs/common/-/common-2.0.5.tgz#594708a6bd5c53a2044c69ae448d65729ee6d434"
  integrity sha512-y1Ak8iMIOMIuoc6cgA5kd4KxPWV8tBTVw+AieVuOuFvR9a91/3kV3vOjwmCmG6ED25BUGb1cFTCtH5ZWDpiENw==
  dependencies:
    "@skeldjs/constant" "^2.0.0"
    "@skeldjs/protocol" "^2.0.1"
    "@skeldjs/util" "^2.0.6"

"@skeldjs/constant@^2.0.0":
  version "2.0.0"
  resolved "https://registry.yarnpkg.com/@skeldjs/constant/-/constant-2.0.0.tgz#12a7f52fd4447d7bc0d86818967b9c494db403d8"
  integrity sha512-7yJrYIm7gBCSmODeyvGhAHvi5onsV2y+tf3hdgWTiiZg4vMx1rmKj/5K74crdAQdoOhQMI5oM+SDSoZ34Cbb8g==

"@skeldjs/protocol@^2.0.1":
  version "2.0.1"
  resolved "https://registry.yarnpkg.com/@skeldjs/protocol/-/protocol-2.0.1.tgz#42f3f110437989b52f2c09fa9fa4b4b24429dbbb"
  integrity sha512-Be/rcbMU40r4ADJnTTGO7VZ5TkO6b4t3i3sk/JkL2kgyQUJ2JvfNnBaTMIlrZ6ddb5WI+mcHnerlQak9zdyvVA==
  dependencies:
    "@skeldjs/constant" "^2.0.0"
    "@skeldjs/types" "^2.0.1"
    "@skeldjs/util" "^2.0.6"

"@skeldjs/types@^2.0.1":
  version "2.0.1"
  resolved "https://registry.yarnpkg.com/@skeldjs/types/-/types-2.0.1.tgz#e1d1c6927263947e02a4fe8c3fb6e1661eae27be"
  integrity sha512-/O+U1P0ULIDU9BWTy1dHQDIUA2lGhmNW5MU7HLOl3mkWXBFUbCvSlbmpB7KfcAGEw879WCvsIYmkuv98jkCUCg==

"@skeldjs/util@^2.0.6":
  version "2.0.6"
  resolved "https://registry.yarnpkg.com/@skeldjs/util/-/util-2.0.6.tgz#f9fac0a97a85ba1b604a4e39f5b93bfe74a515df"
  integrity sha512-XxDtxEGkFBH2NhJ2Tsmg0eAMHJK4XQomll7auHv9pbG68U5odKfFOhiOMU34Hb1obcI0Bstwabb3MhY1wVL58Q==
