# THIS IS AN AUTOGENERATED FILE. DO NOT EDIT THIS FILE DIRECTLY.
# yarn lockfile v1


"@skeldjs/core@^2.2.3":
  version "2.2.3"
  resolved "https://registry.yarnpkg.com/@skeldjs/core/-/common-2.2.3.tgz#8b8fab66eae60519286f4b988913a787cdab653f"
  integrity sha512-uEBXO5DV9HxMujCsmqMCo7ZX3yYCl8DjCoh9P6w11+UGE5D/HiZDyLoRWd+9qa2cHSILC1GQZM0GZQpsZ6ZDeA==
  dependencies:
    "@skeldjs/constant" "^2.2.2"
    "@skeldjs/protocol" "^2.2.2"
    "@skeldjs/util" "^2.2.2"

"@skeldjs/constant@^2.2.2":
  version "2.2.2"
  resolved "https://registry.yarnpkg.com/@skeldjs/constant/-/constant-2.2.2.tgz#e720980c3555390703f2cd8292045bd461a3e2ca"
  integrity sha512-hCozjgCUUbtjIT6nsu5EGWdbp3mUA/34Tyh9MiI9WsqYBXfH3gU4pTcW7AnBbQeUzKfFgVv96YRqZuGBgqCYrQ==
  dependencies:
    "@skeldjs/util" "^2.2.2"

"@skeldjs/protocol@^2.2.2":
  version "2.2.2"
  resolved "https://registry.yarnpkg.com/@skeldjs/protocol/-/protocol-2.2.2.tgz#caab9d3890373738e3b3e96f69f64d8ec640c388"
  integrity sha512-XgAYhLi6r3v4eUzudKF/ydyssI7GevLOigUEVXx+zUI+x5L0iLRuFOahxXRMCPYO2Pz6PnsYKWXc84Gy6V2SLQ==
  dependencies:
    "@skeldjs/constant" "^2.2.2"
    "@skeldjs/types" "^2.2.2"
    "@skeldjs/util" "^2.2.2"

"@skeldjs/types@^2.2.2":
  version "2.2.2"
  resolved "https://registry.yarnpkg.com/@skeldjs/types/-/types-2.2.2.tgz#f0bab5d858f036075df1b564278cfa1de21b03db"
  integrity sha512-iseHJRUy1wocOMVAePjdAuCyJoPqkq5+HLAQ+5Fp1eJ8+xI0Jn3UJMvmaBfeLiJClfkbaaoU4rBXmP5zPCotiA==

"@skeldjs/util@^2.2.2":
  version "2.2.2"
  resolved "https://registry.yarnpkg.com/@skeldjs/util/-/util-2.2.2.tgz#5fe443d4cec6833d83130c6c3fbd766b4e1596e6"
  integrity sha512-CluS3mVgpuyV1X8xSo+dAkSTfIPID3B+LUkv8fs4vLlO9C1q/z0uQrE5uiPjgPcWIihVEn6T14w9qMwlB5+Rdg==
