# THIS IS AN AUTOGENERATED FILE. DO NOT EDIT THIS FILE DIRECTLY.
# yarn lockfile v1


"@skeldjs/constant@^2.3.5":
  version "2.3.5"
  resolved "https://registry.yarnpkg.com/@skeldjs/constant/-/constant-2.3.5.tgz#3c385b1011882602e3e79c743badc9ec9cc4f7c8"
  integrity sha512-tLAB/wTFPcakUM2mncphl9KF88dARBrnLMtpw3kVbS4rn+H+1iQDpMHCeCAyENqTeHREKPalhTOW5QOtJET5kA==
  dependencies:
    "@skeldjs/util" "^2.3.4"

"@skeldjs/util@^2.3.4":
  version "2.3.4"
  resolved "https://registry.yarnpkg.com/@skeldjs/util/-/util-2.3.4.tgz#eef30b108fe175654c423a78930e1bc48f7fbbef"
  integrity sha512-XaOaZSNqWPchpDdcCshnhs+iSKKUz5BPthf2Z49jFDHoThAnGhAFl9ABDGKSjMrdltyxFie27hr1uJ0imSJDEA==
