# THIS IS AN AUTOGENERATED FILE. DO NOT EDIT THIS FILE DIRECTLY.
# yarn lockfile v1


"@skeldjs/client@^2.1.14":
  version "2.1.14"
  resolved "https://registry.yarnpkg.com/@skeldjs/client/-/client-2.1.14.tgz#ba2faa5d2003c87cf8e67dff6377c5b67626f19c"
  integrity sha512-6TFF9yC2nPUp8RpkxqzRRSDa+KUsRUtOrVeyHtz2Ns3nJSVwKdMIA/dZlhnfCANbT8YLhhzsl058RFG09vYuLA==
  dependencies:
    "@skeldjs/common" "^2.1.14"
    "@skeldjs/protocol" "^2.1.14"
    "@skeldjs/util" "^2.1.14"

"@skeldjs/common@^2.1.14":
  version "2.1.14"
  resolved "https://registry.yarnpkg.com/@skeldjs/common/-/common-2.1.14.tgz#5220bebbca0786e777ca80bffa34c7756da1075c"
  integrity sha512-AweYd2h1eIxyNa/Wj026R4FN2Ov5eyg3rhBGH+C5i9S+UrdsoMqmGsdrvcOe4fBLBlNSRaN8Lg662rsdVjof8w==
  dependencies:
    "@skeldjs/constant" "^2.1.14"
    "@skeldjs/protocol" "^2.1.14"
    "@skeldjs/util" "^2.1.14"

"@skeldjs/constant@^2.1.14":
  version "2.1.14"
  resolved "https://registry.yarnpkg.com/@skeldjs/constant/-/constant-2.1.14.tgz#9e210e7642304dfc466d9ccfa3fa9d114da1934e"
  integrity sha512-JAWP6Zdf3DPdN3WX7NErJIUFTdxiZByLNk/sRgFPSUUPB8HSn0ad9qVxRrUhFXYaGDfh48czp/UuyO3E2JQskg==

"@skeldjs/protocol@^2.1.14":
  version "2.1.14"
  resolved "https://registry.yarnpkg.com/@skeldjs/protocol/-/protocol-2.1.14.tgz#06954058bf7e0fa8592ec848dd739cc38808fed9"
  integrity sha512-lezXKJddgvwdqN/BZG2Q1XdgJ18z/p9wUOfnXJg7L65nWaf1BF4oLQHwzw5EEQjb2PliogzUmUCJaqf7+kE1TQ==
  dependencies:
    "@skeldjs/constant" "^2.1.14"
    "@skeldjs/types" "^2.1.14"
    "@skeldjs/util" "^2.1.14"

"@skeldjs/types@^2.1.14":
  version "2.1.14"
  resolved "https://registry.yarnpkg.com/@skeldjs/types/-/types-2.1.14.tgz#be7d5c103e44f60437433d927c8456f5fd3dae98"
  integrity sha512-RKo52Zpd4PXlZizzaHv6JbjkmJKV2qv9X99d+MO7uk1/auJR+KCpV3xlBMQbZcB/xVIiCKgtoqgLTnnp/oeslQ==

"@skeldjs/util@^2.1.14":
  version "2.1.14"
  resolved "https://registry.yarnpkg.com/@skeldjs/util/-/util-2.1.14.tgz#d936078a589a1b6aa677a5bb9e86092d43270e66"
  integrity sha512-Ddh1Lgn6pmGJAzO/GKORDxPwTcz4Wq85eiRDZqIJz8vK2M/TnQExJWKH4G4jOKh7uRYUG4/8GhjEuCyeXn/SUA==
