# THIS IS AN AUTOGENERATED FILE. DO NOT EDIT THIS FILE DIRECTLY.
# yarn lockfile v1


"@skeldjs/constant@^2.5.2":
  version "2.5.2"
  resolved "https://registry.yarnpkg.com/@skeldjs/constant/-/constant-2.5.2.tgz#04305f81c43e8e1c5b2e401950d9333b59abdffa"
  integrity sha512-N/cj3U2SYqDsilwn8RHQIuVISQMT76CVP0oL7nJJB6UINZgdUTDPgwZFIaLXj0kFZ3ynGjnily9fyRfhfXS/Qg==
  dependencies:
    "@skeldjs/util" "^2.5.2"

"@skeldjs/core@^2.5.11":
  version "2.5.11"
  resolved "https://registry.yarnpkg.com/@skeldjs/core/-/core-2.5.11.tgz#8eaaebf24ee640ba44657383b18a41dac50ed487"
  integrity sha512-z136qeFHi2U5MoSU0YSJIZSXfYzw9Exkf5s/VaIDmynnmdPS0cbQOWfx5x+pmBMbNjCFKwC7L14mV8E1ByASkA==
  dependencies:
    "@skeldjs/constant" "^2.5.2"
    "@skeldjs/data" "^2.5.2"
    "@skeldjs/events" "^2.5.6"
    "@skeldjs/protocol" "^2.5.6"
    "@skeldjs/types" "^2.2.7"
    "@skeldjs/util" "^2.5.2"

"@skeldjs/data@^2.5.2":
  version "2.5.2"
  resolved "https://registry.yarnpkg.com/@skeldjs/data/-/data-2.5.2.tgz#ec4110c9b2181d9e56045d0e260b13531632383b"
  integrity sha512-q4ILj9ipSToEyT759v4deIRmI+awY587MiqKB1GdWueopQ9xdysjziMyFv2uGB0BOLDWYXqAiag2FeYJrs/pew==
  dependencies:
    "@skeldjs/constant" "^2.5.2"
    "@skeldjs/util" "^2.5.2"

"@skeldjs/events@^2.5.6":
  version "2.5.6"
  resolved "https://registry.yarnpkg.com/@skeldjs/events/-/events-2.5.6.tgz#e6d9d8cc08dbc1d8f44d633815a5ee801da963d6"
  integrity sha512-/AkU258nt0+aPGAfp9CmFUKzr7ORzIS8EKl2Qrz/Oa5v60KlZc4X337QuYeg5tLjkhFmnCyb79kTd5QT4W7+3A==

"@skeldjs/protocol@^2.5.6":
  version "2.5.6"
  resolved "https://registry.yarnpkg.com/@skeldjs/protocol/-/protocol-2.5.6.tgz#0a583cbe4fd3cb22e491cd6f979414c88458a746"
  integrity sha512-J6ez9nM3UI1/dNOPO+3x2z+kuyPuAMj3/DWXKyfrdii5m723uE4icDbrwZWYy9cFaFdu/GPPcaEFDkcSYW2XJA==
  dependencies:
    "@skeldjs/constant" "^2.5.2"
    "@skeldjs/types" "^2.2.7"
    "@skeldjs/util" "^2.5.2"

"@skeldjs/types@^2.2.7":
  version "2.2.7"
  resolved "https://registry.yarnpkg.com/@skeldjs/types/-/types-2.2.7.tgz#2070a2d3205099240df9e23edc1a483a698b06d2"
  integrity sha512-SNS3DiU2eoKMbU1fyZvQ57kngv+sCI7ziBmEVeRLTzK+10gN9Z9tuD1dHY+rlHhFnbttaJq7NVCyzkdDbvrjyQ==

"@skeldjs/util@^2.5.2":
  version "2.5.2"
  resolved "https://registry.yarnpkg.com/@skeldjs/util/-/util-2.5.2.tgz#e746e57579697dd030baf29f3570faf68a45952b"
  integrity sha512-j1H733gvfRYSq5NHIpInlTV92n5WfvGCoL4JVMe1kL63Vn+GA0hSA9aVjZOtnR1YcHeMpa7sNY5HC+8AncsPQQ==

"@types/heap@^0.2.28":
  version "0.2.28"
  resolved "https://registry.yarnpkg.com/@types/heap/-/heap-0.2.28.tgz#c4247fae0e438c76ae05194c4b87cd5c4e859a7d"
  integrity sha1-xCR/rg5DjHauBRlMS4fNXE6Fmn0=

heap@^0.2.6:
  version "0.2.6"
  resolved "https://registry.yarnpkg.com/heap/-/heap-0.2.6.tgz#087e1f10b046932fc8594dd9e6d378afc9d1e5ac"
  integrity sha1-CH4fELBGky/IWU3Z5tN4r8nR5aw=
