# THIS IS AN AUTOGENERATED FILE. DO NOT EDIT THIS FILE DIRECTLY.
# yarn lockfile v1


"@skeldjs/client@^2.3.8":
  version "2.3.8"
  resolved "https://registry.yarnpkg.com/@skeldjs/client/-/client-2.3.8.tgz#3ebd3c6f5bae4e8d7ff1b4b4314d4e30e13ef80a"
  integrity sha512-+8HZKzt2JNutcUeXZNyKQ1sEhxz0q2VIf0kzrR9VfrGaFErkfaS8WGSvrgvPrDatlwlt0FnX4VXQfzARmGmXiw==
  dependencies:
    "@skeldjs/constant" "^2.3.7"
    "@skeldjs/core" "^2.3.8"
    "@skeldjs/data" "^2.3.7"
    "@skeldjs/protocol" "^2.3.8"
    "@skeldjs/util" "^2.3.4"

"@skeldjs/constant@^2.3.7":
  version "2.3.7"
  resolved "https://registry.yarnpkg.com/@skeldjs/constant/-/constant-2.3.7.tgz#8d216ab0e12dab36b89214f124c92e60195d00fe"
  integrity sha512-p9hqhbEjcbOvD0wYrDXMGFE2IPjz9XnO1ezv7CaqdG53+xN899b3PHyfh+Zb+IhQo+FJ5jxR40vHTOn15jrZmw==
  dependencies:
    "@skeldjs/util" "^2.3.4"

"@skeldjs/core@^2.3.8":
  version "2.3.8"
  resolved "https://registry.yarnpkg.com/@skeldjs/core/-/core-2.3.8.tgz#2c1491167a32a47288c7f4fa3ecc6cd1cd3f3a73"
  integrity sha512-NlzdZOy+bbO5BokVpYKu0utWzE5HMof0qA4id0GAh49so4rZsa4S//YH2lhEbEeTDl8gS/+cAjFMZDsJLJr9FA==
  dependencies:
    "@skeldjs/constant" "^2.3.7"
    "@skeldjs/data" "^2.3.7"
    "@skeldjs/protocol" "^2.3.8"
    "@skeldjs/types" "^2.2.7"
    "@skeldjs/util" "^2.3.4"

"@skeldjs/data@^2.3.7":
  version "2.3.7"
  resolved "https://registry.yarnpkg.com/@skeldjs/data/-/data-2.3.7.tgz#660ac8bf1f72877b553eba46e28dd3a7d5caddd2"
  integrity sha512-64o1+/JF5v1MEexG/zjwdWTPCkOnwDtVSeFw4TNQ+tr3Lnz9mnjVyPnGCz9jw9BtnnewJwSPQrdl+nO3IOxZ6g==
  dependencies:
    "@skeldjs/constant" "^2.3.7"
    "@skeldjs/util" "^2.3.4"

"@skeldjs/protocol@^2.3.8":
  version "2.3.8"
  resolved "https://registry.yarnpkg.com/@skeldjs/protocol/-/protocol-2.3.8.tgz#6400e7acf6012eb75dca386aa4a524fc8fcd9ea1"
  integrity sha512-sf5bVKToCPvw7DL7rRkG1bcJjor/GBKZf9PvyKpEexsquBaICzA8fbh6Bh8BxcoaacoG6mjwMTldebFHF4O/zw==
  dependencies:
    "@skeldjs/constant" "^2.3.7"
    "@skeldjs/types" "^2.2.7"
    "@skeldjs/util" "^2.3.4"

"@skeldjs/types@^2.2.7":
  version "2.2.7"
  resolved "https://registry.yarnpkg.com/@skeldjs/types/-/types-2.2.7.tgz#2070a2d3205099240df9e23edc1a483a698b06d2"
  integrity sha512-SNS3DiU2eoKMbU1fyZvQ57kngv+sCI7ziBmEVeRLTzK+10gN9Z9tuD1dHY+rlHhFnbttaJq7NVCyzkdDbvrjyQ==

"@skeldjs/util@^2.3.4":
  version "2.3.4"
  resolved "https://registry.yarnpkg.com/@skeldjs/util/-/util-2.3.4.tgz#eef30b108fe175654c423a78930e1bc48f7fbbef"
  integrity sha512-XaOaZSNqWPchpDdcCshnhs+iSKKUz5BPthf2Z49jFDHoThAnGhAFl9ABDGKSjMrdltyxFie27hr1uJ0imSJDEA==

"@types/heap@^0.2.28":
  version "0.2.28"
  resolved "https://registry.yarnpkg.com/@types/heap/-/heap-0.2.28.tgz#c4247fae0e438c76ae05194c4b87cd5c4e859a7d"
  integrity sha1-xCR/rg5DjHauBRlMS4fNXE6Fmn0=

heap@^0.2.6:
  version "0.2.6"
  resolved "https://registry.yarnpkg.com/heap/-/heap-0.2.6.tgz#087e1f10b046932fc8594dd9e6d378afc9d1e5ac"
  integrity sha1-CH4fELBGky/IWU3Z5tN4r8nR5aw=
