# THIS IS AN AUTOGENERATED FILE. DO NOT EDIT THIS FILE DIRECTLY.
# yarn lockfile v1


"@types/heap@^0.2.28":
  "integrity" "sha1-xCR/rg5DjHauBRlMS4fNXE6Fmn0="
  "resolved" "https://registry.npmjs.org/@types/heap/-/heap-0.2.28.tgz"
  "version" "0.2.28"

"heap@^0.2.6":
  "integrity" "sha1-CH4fELBGky/IWU3Z5tN4r8nR5aw="
  "resolved" "https://registry.npmjs.org/heap/-/heap-0.2.6.tgz"
  "version" "0.2.6"
