{
	"name": "@skeldjs/protocol",
	"version": "2.3.5",
	"lockfileVersion": 1,
	"requires": true,
	"dependencies": {
		"@skeldjs/types": {
			"version": "2.2.7",
			"resolved": "https://registry.npmjs.org/@skeldjs/types/-/types-2.2.7.tgz",
			"integrity": "sha512-SNS3DiU2eoKMbU1fyZvQ57kngv+sCI7ziBmEVeRLTzK+10gN9Z9tuD1dHY+rlHhFnbttaJq7NVCyzkdDbvrjyQ=="
		}
	}
}
