# THIS IS AN AUTOGENERATED FILE. DO NOT EDIT THIS FILE DIRECTLY.
# yarn lockfile v1


"@skeldjs/util@^2.3.4":
  version "2.3.4"
  resolved "https://registry.yarnpkg.com/@skeldjs/util/-/util-2.3.4.tgz#eef30b108fe175654c423a78930e1bc48f7fbbef"
  integrity sha512-XaOaZSNqWPchpDdcCshnhs+iSKKUz5BPthf2Z49jFDHoThAnGhAFl9ABDGKSjMrdltyxFie27hr1uJ0imSJDEA==
