# THIS IS AN AUTOGENERATED FILE. DO NOT EDIT THIS FILE DIRECTLY.
# yarn lockfile v1


"@skeldjs/common@^2.0.1":
  version "2.0.4"
  resolved "https://registry.yarnpkg.com/@skeldjs/common/-/common-2.0.4.tgz#8541dc46acdb9c94457a16dc22ba6fc9dc2ce158"
  integrity sha512-kRbL5iX2fG2tYZm17rS/instbSZDNcgL55su7QxUMDL/IP663s5EUl2cRoNTNjsZXgNi3rtTWbbE+PWUKN7LyQ==

"@skeldjs/constant@^2.0.0":
  version "2.0.0"
  resolved "https://registry.yarnpkg.com/@skeldjs/constant/-/constant-2.0.0.tgz#12a7f52fd4447d7bc0d86818967b9c494db403d8"
  integrity sha512-7yJrYIm7gBCSmODeyvGhAHvi5onsV2y+tf3hdgWTiiZg4vMx1rmKj/5K74crdAQdoOhQMI5oM+SDSoZ34Cbb8g==

"@skeldjs/protocol@^2.0.2", "@skeldjs/protocol@^2.0.3":
  version "2.0.3"
  resolved "https://registry.yarnpkg.com/@skeldjs/protocol/-/network-2.0.3.tgz#6aabc8830d633a82a169e022470d3aacc2325513"
  integrity sha512-U014RV4eMs7ApEG83X2obkY/zs13q62Yy1v6lUPg1AucBhyRhLM8kt/sPmmAEUTLEj7yj59qSj1Auoq5bhmEEQ==
  dependencies:
    "@skeldjs/common" "^2.0.1"
    "@skeldjs/protocol" "^2.0.2"
    "@skeldjs/util" "^2.0.2"

"@skeldjs/util@^2.0.2":
  version "2.0.4"
  resolved "https://registry.yarnpkg.com/@skeldjs/util/-/util-2.0.4.tgz#0fa6100104b11008f016e7f98c2073712febda27"
  integrity sha512-2fbCeasKlfaduzWyp8nXv8si8KYM5/ZPui1nOqimLgQch44Aod+7rhDeGpV+oCVYSfu2pFH+5T772cG5XfmR9w==

"@skeldjs/util@^2.0.5":
  version "2.0.5"
  resolved "https://registry.yarnpkg.com/@skeldjs/util/-/util-2.0.5.tgz#535df5d985c6f2c6c11342061d115b33d5c567db"
  integrity sha512-MI1JJvoHzFKEladBgYlWbpFOsNOpfSs1IayQCIu1HUC0HkeC90c71vyFlfJz5tQIbPyF6gsX46rtyTStjOZmlQ==
