# THIS IS AN AUTOGENERATED FILE. DO NOT EDIT THIS FILE DIRECTLY.
# yarn lockfile v1


"@skeldjs/constant@^2.2.7":
  version "2.2.7"
  resolved "https://registry.yarnpkg.com/@skeldjs/constant/-/constant-2.2.7.tgz#4863431be74c1881dd49753b1a5f7da9d8332aa0"
  integrity sha512-QgfJIsDi25wuNtHkjZOxEkPC284dHXP1wZAxD1qsIxUaQVfUExZnSVTklX6SJI1ZkaPlrOPM3HKQGVxsTl8MxQ==
  dependencies:
    "@skeldjs/util" "^2.2.7"

"@skeldjs/protocol@^2.2.7":
  version "2.2.7"
  resolved "https://registry.yarnpkg.com/@skeldjs/protocol/-/protocol-2.2.7.tgz#bfb14d6694ebc9f6a7f25874278395d8858ae0db"
  integrity sha512-Lkih/gKkG1990Conj6BOe66a3I/hLP66JRHn5AztYg8R+ADn9B77E1x+H5s0uJhxeZn7/64cNCgzY/imOFUOWw==
  dependencies:
    "@skeldjs/constant" "^2.2.7"
    "@skeldjs/types" "^2.2.7"
    "@skeldjs/util" "^2.2.7"

"@skeldjs/types@^2.2.7":
  version "2.2.7"
  resolved "https://registry.yarnpkg.com/@skeldjs/types/-/types-2.2.7.tgz#2070a2d3205099240df9e23edc1a483a698b06d2"
  integrity sha512-SNS3DiU2eoKMbU1fyZvQ57kngv+sCI7ziBmEVeRLTzK+10gN9Z9tuD1dHY+rlHhFnbttaJq7NVCyzkdDbvrjyQ==

"@skeldjs/util@^2.2.7":
  version "2.2.7"
  resolved "https://registry.yarnpkg.com/@skeldjs/util/-/util-2.2.7.tgz#e9c7e72dee5b7daf23b064534508e70f109f75cf"
  integrity sha512-DzfWZ9v7bOP3q6PU0QHHFep0vKGIowi9ogu0iPt6gpyaGZLgeXqp2mxI4YpqqVFvAJEO5hPAXjtp9J5EKmOt0g==
