# THIS IS AN AUTOGENERATED FILE. DO NOT EDIT THIS FILE DIRECTLY.
# yarn lockfile v1


"@skeldjs/constant@^2.3.2":
  version "2.3.2"
  resolved "https://registry.yarnpkg.com/@skeldjs/constant/-/constant-2.3.2.tgz#8d7b7f3b8c840eea18c48eabb28d4cefd83edfe4"
  integrity sha512-8FfOxgCvoyt5zGOFh70nQCtOcfe9t8UOdJeSHUK43+HQJKdCZtqU/R78+ArbLbd4Nbx5zOliuduYPZPAe5R8FQ==
  dependencies:
    "@skeldjs/util" "^2.3.2"

"@skeldjs/protocol@^2.3.2":
  version "2.3.2"
  resolved "https://registry.yarnpkg.com/@skeldjs/protocol/-/protocol-2.3.2.tgz#8df9d912c3eb4ddbaaed6fb812a23c994a0701d4"
  integrity sha512-q0c1ckfdYYYTs3XsCDorSubgWP5Zknjr0yMpy/qVczNt9rnRlGIKk1D9p1K9gl40o+NeoOT6YNiuB3Cmx6c6AA==
  dependencies:
    "@skeldjs/constant" "^2.3.2"
    "@skeldjs/types" "^2.2.7"
    "@skeldjs/util" "^2.3.2"

"@skeldjs/types@^2.2.7":
  version "2.2.7"
  resolved "https://registry.yarnpkg.com/@skeldjs/types/-/types-2.2.7.tgz#2070a2d3205099240df9e23edc1a483a698b06d2"
  integrity sha512-SNS3DiU2eoKMbU1fyZvQ57kngv+sCI7ziBmEVeRLTzK+10gN9Z9tuD1dHY+rlHhFnbttaJq7NVCyzkdDbvrjyQ==

"@skeldjs/util@^2.3.2":
  version "2.3.2"
  resolved "https://registry.yarnpkg.com/@skeldjs/util/-/util-2.3.2.tgz#1d7b3e3a919687638181470b046f9d410bdefb71"
  integrity sha512-PNvbiRLb0WSQw9vJFVNXcrRk0GFSc596saKsEOmAmcGLachMF7a12P5nf4aPQ8Ji9dxl50nDrg9q778nLJXE7w==
