# THIS IS AN AUTOGENERATED FILE. DO NOT EDIT THIS FILE DIRECTLY.
# yarn lockfile v1


"@skeldjs/common@^2.0.1":
  version "2.0.1"
  resolved "https://registry.yarnpkg.com/@skeldjs/common/-/common-2.0.1.tgz#6f031c44726abba9a3767d76fcac762713ab9a34"
  integrity sha512-E6MtOTbMkvrPOMt2WeWqZpRUo8tUhDUSmbnMZ4wa1/Jk7a3Hy+FKI/+D2BdCitMwngtP49AmnHSuP2m72f/u3w==

"@skeldjs/protocol@^2.0.2":
  version "2.0.2"
  resolved "https://registry.yarnpkg.com/@skeldjs/protocol/-/network-2.0.2.tgz#30ea954dd8f0d0be7274af3f9c12c3d74c9f73c2"
  integrity sha512-02mOI11MtfjCaCPgD3lhOQ+31UxfFgNd3Ym0nPQ8Vwga9AaL0wZnP8/zqaesLE8o6SXd0QVGtMm0PfHr6OBTrQ==

"@skeldjs/util@^2.0.2":
  version "2.0.2"
  resolved "https://registry.yarnpkg.com/@skeldjs/util/-/util-2.0.2.tgz#547c54a239fee752ae8128a63ac1159eec623578"
  integrity sha512-FMx+Tsa+9rY629x10OeCo9YjX0qWh9Nxn6MOj1DLbZk3xwVBopTFnE26qYnFdEo0IO5VBT4Cp9sNET1iAQ907Q==
