# THIS IS AN AUTOGENERATED FILE. DO NOT EDIT THIS FILE DIRECTLY.
# yarn lockfile v1


"@skeldjs/constant@^2.3.13":
  "integrity" "sha512-c0DLvejN0oPnB9Y6PcAg/DbogYjGoGNcxQBF7NcHax44sdyzia8dNgW2sKH6ev9iAHmfaFxzP3Xtf7DgUVT/RQ=="
  "resolved" "https://registry.npmjs.org/@skeldjs/constant/-/constant-2.3.13.tgz"
  "version" "2.3.13"
  dependencies:
    "@skeldjs/util" "^2.3.13"

"@skeldjs/core@^2.3.13":
  "integrity" "sha512-wPslfqgrjOPrimiOSJRSCwG13LQ3STGuaqNPS/U47a0jzjbugiywOAViLbEmcgeN7J7jwmATTCiG2/Ck0erAAw=="
  "resolved" "https://registry.npmjs.org/@skeldjs/core/-/core-2.3.13.tgz"
  "version" "2.3.13"
  dependencies:
    "@skeldjs/constant" "^2.3.13"
    "@skeldjs/data" "^2.3.13"
    "@skeldjs/protocol" "^2.3.13"
    "@skeldjs/types" "^2.2.7"
    "@skeldjs/util" "^2.3.13"

"@skeldjs/data@^2.3.13":
  "integrity" "sha512-BbBdcpO21sJII4JuDxcSFXqSuMzLzXCErPZHxXyuaEzm3XLd3NjH2CgSyZDBVFjCDH7XEpvG0OT/4vEHO1zPdw=="
  "resolved" "https://registry.npmjs.org/@skeldjs/data/-/data-2.3.13.tgz"
  "version" "2.3.13"
  dependencies:
    "@skeldjs/constant" "^2.3.13"
    "@skeldjs/util" "^2.3.13"

"@skeldjs/protocol@^2.3.13":
  "integrity" "sha512-k4hm9TSlhYFAG7cCNxw7Uzucy6oglv3HbDP5J+EW2AB80WWSWCl3O8/gxP90xh7unGnH38wEpqFlgoImCIHIVQ=="
  "resolved" "https://registry.npmjs.org/@skeldjs/protocol/-/protocol-2.3.13.tgz"
  "version" "2.3.13"
  dependencies:
    "@skeldjs/constant" "^2.3.13"
    "@skeldjs/types" "^2.2.7"
    "@skeldjs/util" "^2.3.13"

"@skeldjs/state@^2.3.13":
  "integrity" "sha512-ISiRBhR643z3yrQy0shlOTpzbPtUSaozdqPp2wGXixKK300Cwvye+o/mZMqMNpLA0Iw3I8m/BtKtyN5PFjqYvA=="
  "resolved" "https://registry.npmjs.org/@skeldjs/state/-/state-2.3.13.tgz"
  "version" "2.3.13"
  dependencies:
    "@skeldjs/constant" "^2.3.13"
    "@skeldjs/core" "^2.3.13"
    "@skeldjs/protocol" "^2.3.13"
    "@skeldjs/util" "^2.3.13"

"@skeldjs/types@^2.2.7":
  "integrity" "sha512-SNS3DiU2eoKMbU1fyZvQ57kngv+sCI7ziBmEVeRLTzK+10gN9Z9tuD1dHY+rlHhFnbttaJq7NVCyzkdDbvrjyQ=="
  "resolved" "https://registry.npmjs.org/@skeldjs/types/-/types-2.2.7.tgz"
  "version" "2.2.7"

"@skeldjs/util@^2.3.13":
  "integrity" "sha512-uXayEctVetO42XDxqUOEhD9BTvl/pv6stWmLUfSyHFBhDrLuQB4bqYjiKLmi20YEWmYbkZD3rJl3k1yRJJFJhA=="
  "resolved" "https://registry.npmjs.org/@skeldjs/util/-/util-2.3.13.tgz"
  "version" "2.3.13"
