# THIS IS AN AUTOGENERATED FILE. DO NOT EDIT THIS FILE DIRECTLY.
# yarn lockfile v1


"@skeldjs/common@^2.0.6":
  version "2.0.6"
  resolved "https://registry.yarnpkg.com/@skeldjs/common/-/common-2.0.6.tgz#c160150dde35394d1769412e31b2ab84c0f7be06"
  integrity sha512-9Cc1bpgGx0Wnjori5W4h/X7dgAZYluyjs/R/4+k6O76yAftsCOWL2ua+alLlAqC16fAJMMJb0EMV4qmdV2/YkA==
  dependencies:
    "@skeldjs/constant" "^2.0.0"
    "@skeldjs/protocol" "^2.0.2"
    "@skeldjs/util" "^2.0.6"

"@skeldjs/constant@^2.0.0":
  version "2.0.0"
  resolved "https://registry.yarnpkg.com/@skeldjs/constant/-/constant-2.0.0.tgz#12a7f52fd4447d7bc0d86818967b9c494db403d8"
  integrity sha512-7yJrYIm7gBCSmODeyvGhAHvi5onsV2y+tf3hdgWTiiZg4vMx1rmKj/5K74crdAQdoOhQMI5oM+SDSoZ34Cbb8g==

"@skeldjs/protocol@^2.0.2":
  version "2.0.2"
  resolved "https://registry.yarnpkg.com/@skeldjs/protocol/-/protocol-2.0.2.tgz#0bd8b860b5052007eff0341737685682d75fbb4c"
  integrity sha512-MZFhdr/C9LlHP9Wr6290KmyJ8w7421c4PxPEc/nbm+PbSCK739zSdQ24WCMCk3YaRLCrePB7l4yBsgKpwThzww==
  dependencies:
    "@skeldjs/constant" "^2.0.0"
    "@skeldjs/types" "^2.0.1"
    "@skeldjs/util" "^2.0.6"

"@skeldjs/server@^1.0.0":
  version "1.0.0"
  resolved "https://registry.yarnpkg.com/@skeldjs/server/-/server-1.0.0.tgz#801c3015a5f6a8d60cb17a12d52b0e8095c734ad"
  integrity sha512-FhkdBEwZ+7sPqIoqfv5bIw0xFsnxzflejj17l0lDSVY1ziuLEUvzAlHIM0joa8Fky+FV5RHnseaT/GTue/Tqlg==
  dependencies:
    "@skeldjs/common" "^2.0.6"
    "@skeldjs/protocol" "^2.0.2"
    "@skeldjs/util" "^2.0.6"

"@skeldjs/types@^2.0.1":
  version "2.0.1"
  resolved "https://registry.yarnpkg.com/@skeldjs/types/-/types-2.0.1.tgz#e1d1c6927263947e02a4fe8c3fb6e1661eae27be"
  integrity sha512-/O+U1P0ULIDU9BWTy1dHQDIUA2lGhmNW5MU7HLOl3mkWXBFUbCvSlbmpB7KfcAGEw879WCvsIYmkuv98jkCUCg==

"@skeldjs/util@^2.0.6":
  version "2.0.6"
  resolved "https://registry.yarnpkg.com/@skeldjs/util/-/util-2.0.6.tgz#f9fac0a97a85ba1b604a4e39f5b93bfe74a515df"
  integrity sha512-XxDtxEGkFBH2NhJ2Tsmg0eAMHJK4XQomll7auHv9pbG68U5odKfFOhiOMU34Hb1obcI0Bstwabb3MhY1wVL58Q==

tedis@^0.1.12:
  version "0.1.12"
  resolved "https://registry.yarnpkg.com/tedis/-/tedis-0.1.12.tgz#e3eeccc92a5d068a35e7b16efef3e4d75cc3ef12"
  integrity sha512-bxOKYWvdF1WsjkBYIfeO+2+xZuiqHmikqTTYPm3j/FYFpxQsX2JTBh6fFSlH6jDiCL4lfPcS2woIdD3FHopS/Q==
  dependencies:
    uuid "^3.3.2"

uuid@^3.3.2:
  version "3.4.0"
  resolved "https://registry.yarnpkg.com/uuid/-/uuid-3.4.0.tgz#b23e4358afa8a202fe7a100af1f5f883f02007ee"
  integrity sha512-HjSDRw6gZE5JMggctHBcjVak08+KEVhSIiDzFnT9S9aegmp85S/bReBVTb4QTFaRNptJ9kuYaNhnbNEOkbKb/A==
