# THIS IS AN AUTOGENERATED FILE. DO NOT EDIT THIS FILE DIRECTLY.
# yarn lockfile v1


"@skeldjs/constant@^2.3.4":
  version "2.3.4"
  resolved "https://registry.yarnpkg.com/@skeldjs/constant/-/constant-2.3.4.tgz#cceae73c25608246a12e9c07f0b383695983b76a"
  integrity sha512-Fa9evjDLv81Qu9yOA46FrccO3u7IlsW/s4FnGjTo4elHJGKxEcEfG5qMLIIsbIhJOwkyoGrGbXwiovS8KhvxVA==
  dependencies:
    "@skeldjs/util" "^2.3.4"

"@skeldjs/core@^2.3.4":
  version "2.3.4"
  resolved "https://registry.yarnpkg.com/@skeldjs/core/-/core-2.3.4.tgz#07b55500e2d6b7e96f53725c41c2cf41e903f197"
  integrity sha512-Pfwr3j3oIp0w8PEwGLQsbwz62J2IoSWjAC2od7j3v7srvwZ9+opjYPs28lgZhaR/5zmc+PohohnK9Z8mULJ7Gg==
  dependencies:
    "@skeldjs/constant" "^2.3.4"
    "@skeldjs/data" "^2.3.4"
    "@skeldjs/protocol" "^2.3.4"
    "@skeldjs/types" "^2.2.7"
    "@skeldjs/util" "^2.3.4"

"@skeldjs/data@^2.3.4":
  version "2.3.4"
  resolved "https://registry.yarnpkg.com/@skeldjs/data/-/data-2.3.4.tgz#66c9aaaf1315d15d6e65de776cf44d424646c265"
  integrity sha512-3t7G9lUSP1q870EAz1AEmtvk/LoAzzBH2B+IzVzZoKCRsz/A1x78DlgGY+VdS+dvBGLkXakn/UhkfKHpX4C8yA==
  dependencies:
    "@skeldjs/constant" "^2.3.4"
    "@skeldjs/util" "^2.3.4"

"@skeldjs/protocol@^2.3.4":
  version "2.3.4"
  resolved "https://registry.yarnpkg.com/@skeldjs/protocol/-/protocol-2.3.4.tgz#1592660933f61c02567495357f285e66e9532963"
  integrity sha512-rSa1poTmCZ50dAntL+Wzy9oEe1yA3BCg5sSyfexkKd2tGj7VnvLaf5qe0p4lcUSoQcQoiOMjn8I7VqACdj3FqA==
  dependencies:
    "@skeldjs/constant" "^2.3.4"
    "@skeldjs/types" "^2.2.7"
    "@skeldjs/util" "^2.3.4"

"@skeldjs/server@^2.3.4":
  version "2.3.4"
  resolved "https://registry.yarnpkg.com/@skeldjs/server/-/server-2.3.4.tgz#50671106a82aa3cb0f025e16f83f728f45cd73f8"
  integrity sha512-piPfMAFOwlzFsxTmM26tXoerxUGUaeD4hbbhcozPr59hsrgJhnHXtOC/3NlZyVyna99GJPPoqJHchR+eo8UDIg==
  dependencies:
    "@skeldjs/core" "^2.3.4"
    "@skeldjs/protocol" "^2.3.4"
    "@skeldjs/util" "^2.3.4"

"@skeldjs/types@^2.2.7":
  version "2.2.7"
  resolved "https://registry.yarnpkg.com/@skeldjs/types/-/types-2.2.7.tgz#2070a2d3205099240df9e23edc1a483a698b06d2"
  integrity sha512-SNS3DiU2eoKMbU1fyZvQ57kngv+sCI7ziBmEVeRLTzK+10gN9Z9tuD1dHY+rlHhFnbttaJq7NVCyzkdDbvrjyQ==

"@skeldjs/util@^2.3.4":
  version "2.3.4"
  resolved "https://registry.yarnpkg.com/@skeldjs/util/-/util-2.3.4.tgz#eef30b108fe175654c423a78930e1bc48f7fbbef"
  integrity sha512-XaOaZSNqWPchpDdcCshnhs+iSKKUz5BPthf2Z49jFDHoThAnGhAFl9ABDGKSjMrdltyxFie27hr1uJ0imSJDEA==

tedis@^0.1.12:
  version "0.1.12"
  resolved "https://registry.yarnpkg.com/tedis/-/tedis-0.1.12.tgz#e3eeccc92a5d068a35e7b16efef3e4d75cc3ef12"
  integrity sha512-bxOKYWvdF1WsjkBYIfeO+2+xZuiqHmikqTTYPm3j/FYFpxQsX2JTBh6fFSlH6jDiCL4lfPcS2woIdD3FHopS/Q==
  dependencies:
    uuid "^3.3.2"

uuid@^3.3.2:
  version "3.4.0"
  resolved "https://registry.yarnpkg.com/uuid/-/uuid-3.4.0.tgz#b23e4358afa8a202fe7a100af1f5f883f02007ee"
  integrity sha512-HjSDRw6gZE5JMggctHBcjVak08+KEVhSIiDzFnT9S9aegmp85S/bReBVTb4QTFaRNptJ9kuYaNhnbNEOkbKb/A==
