# THIS IS AN AUTOGENERATED FILE. DO NOT EDIT THIS FILE DIRECTLY.
# yarn lockfile v1


"tedis@^0.1.12":
  "integrity" "sha512-bxOKYWvdF1WsjkBYIfeO+2+xZuiqHmikqTTYPm3j/FYFpxQsX2JTBh6fFSlH6jDiCL4lfPcS2woIdD3FHopS/Q=="
  "resolved" "https://registry.npmjs.org/tedis/-/tedis-0.1.12.tgz"
  "version" "0.1.12"
  dependencies:
    "uuid" "^3.3.2"

"uuid@^3.3.2":
  "integrity" "sha512-HjSDRw6gZE5JMggctHBcjVak08+KEVhSIiDzFnT9S9aegmp85S/bReBVTb4QTFaRNptJ9kuYaNhnbNEOkbKb/A=="
  "resolved" "https://registry.npmjs.org/uuid/-/uuid-3.4.0.tgz"
  "version" "3.4.0"
